
Microsoft Visual Studio Solution File, Format Version 12.00
# Visual Studio Version 16
VisualStudioVersion = 16.0.28803.352
MinimumVisualStudioVersion = 10.0.40219.1
Project("{FAE04EC0-301F-11D3-BF4B-00C04F79EFBC}") = "SiteUpdateChecker", "SiteUpdateChecker\SiteUpdateChecker.csproj", "{9B0751D7-8278-4EB8-BD23-BBB45FD609C2}"
EndProject
Global
	GlobalSection(SolutionConfigurationPlatforms) = preSolution
		Debug|Any CPU = Debug|Any CPU
		Release|Any CPU = Release|Any CPU
	EndGlobalSection
	GlobalSection(ProjectConfigurationPlatforms) = postSolution
		{9B0751D7-8278-4EB8-BD23-BBB45FD609C2}.Debug|Any CPU.ActiveCfg = Debug|Any CPU
		{9B0751D7-8278-4EB8-BD23-BBB45FD609C2}.Debug|Any CPU.Build.0 = Debug|Any CPU
		{9B0751D7-8278-4EB8-BD23-BBB45FD609C2}.Release|Any CPU.ActiveCfg = Release|Any CPU
		{9B0751D7-8278-4EB8-BD23-BBB45FD609C2}.Release|Any CPU.Build.0 = Release|Any CPU
	EndGlobalSection
	GlobalSection(SolutionProperties) = preSolution
		HideSolutionNode = FALSE
	EndGlobalSection
	GlobalSection(ExtensibilityGlobals) = postSolution
		SolutionGuid = {ED4E8DEF-F146-4C34-B516-8DB314A98296}
	EndGlobalSection
EndGlobal
